
Microsoft Visual Studio Solution File, Format Version 12.00
# Visual Studio Version 17
VisualStudioVersion = 17.7.34024.191
MinimumVisualStudioVersion = 10.0.40219.1
Project("{9A19103F-16F7-4668-BE54-9A1E7A4F7556}") = "23ISP2-1", "23ISP2-1\23ISP2-1.csproj", "{4F34A8F9-27AE-41F6-BDB2-60A144BE9084}"
EndProject
Project("{9A19103F-16F7-4668-BE54-9A1E7A4F7556}") = "Lesson5", "Lesson5\Lesson5.csproj", "{A37A9E70-833B-4A90-8563-AD1FDF5CCBDF}"
EndProject
Project("{9A19103F-16F7-4668-BE54-9A1E7A4F7556}") = "lesson9", "lesson9\lesson9.csproj", "{596C2A0C-4534-4F70-A5BD-C7962EC54BDC}"
EndProject
Project("{9A19103F-16F7-4668-BE54-9A1E7A4F7556}") = "Lab21", "Lab21\Lab21.csproj", "{27297467-8876-4428-A990-D8DC6AEC6BD1}"
EndProject
Project("{9A19103F-16F7-4668-BE54-9A1E7A4F7556}") = "Lab12", "Lab12\Lab12.csproj", "{96440986-D886-4160-9761-F8567D14AB8C}"
EndProject
Project("{9A19103F-16F7-4668-BE54-9A1E7A4F7556}") = "Lesson13", "Lesson13\Lesson13.csproj", "{4943FD44-B00C-4EB7-B009-812B4734F48E}"
EndProject
Project("{9A19103F-16F7-4668-BE54-9A1E7A4F7556}") = "Lesson14", "Lesson14\Lesson14.csproj", "{275B4D6F-17C3-420B-9044-6801D4E40F6D}"
EndProject
Project("{9A19103F-16F7-4668-BE54-9A1E7A4F7556}") = "Lab22", "Lab22\Lab22.csproj", "{FD4BA724-CC95-4D94-A997-DF71178BE1D1}"
EndProject
Project("{9A19103F-16F7-4668-BE54-9A1E7A4F7556}") = "Lesson16", "Lesson16\Lesson16.csproj", "{74BA7B44-D901-42A2-AA63-9840909F0D9C}"
EndProject
Project("{9A19103F-16F7-4668-BE54-9A1E7A4F7556}") = "Lab23", "Lab23\Lab23.csproj", "{95F4C018-47F5-4F59-AAB3-D2A7A4428025}"
EndProject
Project("{9A19103F-16F7-4668-BE54-9A1E7A4F7556}") = "lesson21", "lesson21\lesson21.csproj", "{4696A6FB-27AE-438F-BFD9-005B09213907}"
EndProject
Project("{9A19103F-16F7-4668-BE54-9A1E7A4F7556}") = "Lesson24", "Lesson24\Lesson24.csproj", "{46C7165B-FF5E-474D-8DAB-1C6F77BB1764}"
EndProject
Project("{9A19103F-16F7-4668-BE54-9A1E7A4F7556}") = "Lesson25", "Lesson25\Lesson25.csproj", "{3C8DFC27-9B99-4CC7-BA18-54B0F067955F}"
EndProject
Project("{9A19103F-16F7-4668-BE54-9A1E7A4F7556}") = "Lesson26", "Lesson26\Lesson26.csproj", "{634EB5C2-0D73-4889-A646-2E26A37DD2DA}"
EndProject
Project("{9A19103F-16F7-4668-BE54-9A1E7A4F7556}") = "Lab31", "Lab31\Lab31.csproj", "{3726736E-6233-4EF8-A047-072338DCD18B}"
EndProject
Project("{9A19103F-16F7-4668-BE54-9A1E7A4F7556}") = "lab32", "lab32\lab32.csproj", "{0A34C58E-9E1B-43C8-A96D-BF6D03DD538C}"
EndProject
Project("{9A19103F-16F7-4668-BE54-9A1E7A4F7556}") = "lab33", "lab33\lab33.csproj", "{C1A682FA-C826-4CFE-9946-A0BCAE433E3E}"
EndProject
Project("{9A19103F-16F7-4668-BE54-9A1E7A4F7556}") = "Lab34", "Lab34\Lab34.csproj", "{73BBAE26-6B4A-46F0-B440-1986A06894DD}"
EndProject
Project("{FAE04EC0-301F-11D3-BF4B-00C04F79EFBC}") = "lesson28", "lesson28\lesson28.csproj", "{5E572EA1-7FC8-4496-8212-7F6B8FB6E10B}"
EndProject
Global
	GlobalSection(SolutionConfigurationPlatforms) = preSolution
		Debug|Any CPU = Debug|Any CPU
		Release|Any CPU = Release|Any CPU
	EndGlobalSection
	GlobalSection(ProjectConfigurationPlatforms) = postSolution
		{4F34A8F9-27AE-41F6-BDB2-60A144BE9084}.Debug|Any CPU.ActiveCfg = Debug|Any CPU
		{4F34A8F9-27AE-41F6-BDB2-60A144BE9084}.Debug|Any CPU.Build.0 = Debug|Any CPU
		{4F34A8F9-27AE-41F6-BDB2-60A144BE9084}.Release|Any CPU.ActiveCfg = Release|Any CPU
		{4F34A8F9-27AE-41F6-BDB2-60A144BE9084}.Release|Any CPU.Build.0 = Release|Any CPU
		{A37A9E70-833B-4A90-8563-AD1FDF5CCBDF}.Debug|Any CPU.ActiveCfg = Debug|Any CPU
		{A37A9E70-833B-4A90-8563-AD1FDF5CCBDF}.Debug|Any CPU.Build.0 = Debug|Any CPU
		{A37A9E70-833B-4A90-8563-AD1FDF5CCBDF}.Release|Any CPU.ActiveCfg = Release|Any CPU
		{A37A9E70-833B-4A90-8563-AD1FDF5CCBDF}.Release|Any CPU.Build.0 = Release|Any CPU
		{596C2A0C-4534-4F70-A5BD-C7962EC54BDC}.Debug|Any CPU.ActiveCfg = Debug|Any CPU
		{596C2A0C-4534-4F70-A5BD-C7962EC54BDC}.Debug|Any CPU.Build.0 = Debug|Any CPU
		{596C2A0C-4534-4F70-A5BD-C7962EC54BDC}.Release|Any CPU.ActiveCfg = Release|Any CPU
		{596C2A0C-4534-4F70-A5BD-C7962EC54BDC}.Release|Any CPU.Build.0 = Release|Any CPU
		{27297467-8876-4428-A990-D8DC6AEC6BD1}.Debug|Any CPU.ActiveCfg = Debug|Any CPU
		{27297467-8876-4428-A990-D8DC6AEC6BD1}.Debug|Any CPU.Build.0 = Debug|Any CPU
		{27297467-8876-4428-A990-D8DC6AEC6BD1}.Release|Any CPU.ActiveCfg = Release|Any CPU
		{27297467-8876-4428-A990-D8DC6AEC6BD1}.Release|Any CPU.Build.0 = Release|Any CPU
		{96440986-D886-4160-9761-F8567D14AB8C}.Debug|Any CPU.ActiveCfg = Debug|Any CPU
		{96440986-D886-4160-9761-F8567D14AB8C}.Debug|Any CPU.Build.0 = Debug|Any CPU
		{96440986-D886-4160-9761-F8567D14AB8C}.Release|Any CPU.ActiveCfg = Release|Any CPU
		{96440986-D886-4160-9761-F8567D14AB8C}.Release|Any CPU.Build.0 = Release|Any CPU
		{4943FD44-B00C-4EB7-B009-812B4734F48E}.Debug|Any CPU.ActiveCfg = Debug|Any CPU
		{4943FD44-B00C-4EB7-B009-812B4734F48E}.Debug|Any CPU.Build.0 = Debug|Any CPU
		{4943FD44-B00C-4EB7-B009-812B4734F48E}.Release|Any CPU.ActiveCfg = Release|Any CPU
		{4943FD44-B00C-4EB7-B009-812B4734F48E}.Release|Any CPU.Build.0 = Release|Any CPU
		{275B4D6F-17C3-420B-9044-6801D4E40F6D}.Debug|Any CPU.ActiveCfg = Debug|Any CPU
		{275B4D6F-17C3-420B-9044-6801D4E40F6D}.Debug|Any CPU.Build.0 = Debug|Any CPU
		{275B4D6F-17C3-420B-9044-6801D4E40F6D}.Release|Any CPU.ActiveCfg = Release|Any CPU
		{275B4D6F-17C3-420B-9044-6801D4E40F6D}.Release|Any CPU.Build.0 = Release|Any CPU
		{FD4BA724-CC95-4D94-A997-DF71178BE1D1}.Debug|Any CPU.ActiveCfg = Debug|Any CPU
		{FD4BA724-CC95-4D94-A997-DF71178BE1D1}.Debug|Any CPU.Build.0 = Debug|Any CPU
		{FD4BA724-CC95-4D94-A997-DF71178BE1D1}.Release|Any CPU.ActiveCfg = Release|Any CPU
		{FD4BA724-CC95-4D94-A997-DF71178BE1D1}.Release|Any CPU.Build.0 = Release|Any CPU
		{74BA7B44-D901-42A2-AA63-9840909F0D9C}.Debug|Any CPU.ActiveCfg = Debug|Any CPU
		{74BA7B44-D901-42A2-AA63-9840909F0D9C}.Debug|Any CPU.Build.0 = Debug|Any CPU
		{74BA7B44-D901-42A2-AA63-9840909F0D9C}.Release|Any CPU.ActiveCfg = Release|Any CPU
		{74BA7B44-D901-42A2-AA63-9840909F0D9C}.Release|Any CPU.Build.0 = Release|Any CPU
		{95F4C018-47F5-4F59-AAB3-D2A7A4428025}.Debug|Any CPU.ActiveCfg = Debug|Any CPU
		{95F4C018-47F5-4F59-AAB3-D2A7A4428025}.Debug|Any CPU.Build.0 = Debug|Any CPU
		{95F4C018-47F5-4F59-AAB3-D2A7A4428025}.Release|Any CPU.ActiveCfg = Release|Any CPU
		{95F4C018-47F5-4F59-AAB3-D2A7A4428025}.Release|Any CPU.Build.0 = Release|Any CPU
		{4696A6FB-27AE-438F-BFD9-005B09213907}.Debug|Any CPU.ActiveCfg = Debug|Any CPU
		{4696A6FB-27AE-438F-BFD9-005B09213907}.Debug|Any CPU.Build.0 = Debug|Any CPU
		{4696A6FB-27AE-438F-BFD9-005B09213907}.Release|Any CPU.ActiveCfg = Release|Any CPU
		{4696A6FB-27AE-438F-BFD9-005B09213907}.Release|Any CPU.Build.0 = Release|Any CPU
		{46C7165B-FF5E-474D-8DAB-1C6F77BB1764}.Debug|Any CPU.ActiveCfg = Debug|Any CPU
		{46C7165B-FF5E-474D-8DAB-1C6F77BB1764}.Debug|Any CPU.Build.0 = Debug|Any CPU
		{46C7165B-FF5E-474D-8DAB-1C6F77BB1764}.Release|Any CPU.ActiveCfg = Release|Any CPU
		{46C7165B-FF5E-474D-8DAB-1C6F77BB1764}.Release|Any CPU.Build.0 = Release|Any CPU
		{3C8DFC27-9B99-4CC7-BA18-54B0F067955F}.Debug|Any CPU.ActiveCfg = Debug|Any CPU
		{3C8DFC27-9B99-4CC7-BA18-54B0F067955F}.Debug|Any CPU.Build.0 = Debug|Any CPU
		{3C8DFC27-9B99-4CC7-BA18-54B0F067955F}.Release|Any CPU.ActiveCfg = Release|Any CPU
		{3C8DFC27-9B99-4CC7-BA18-54B0F067955F}.Release|Any CPU.Build.0 = Release|Any CPU
		{634EB5C2-0D73-4889-A646-2E26A37DD2DA}.Debug|Any CPU.ActiveCfg = Debug|Any CPU
		{634EB5C2-0D73-4889-A646-2E26A37DD2DA}.Debug|Any CPU.Build.0 = Debug|Any CPU
		{634EB5C2-0D73-4889-A646-2E26A37DD2DA}.Release|Any CPU.ActiveCfg = Release|Any CPU
		{634EB5C2-0D73-4889-A646-2E26A37DD2DA}.Release|Any CPU.Build.0 = Release|Any CPU
		{3726736E-6233-4EF8-A047-072338DCD18B}.Debug|Any CPU.ActiveCfg = Debug|Any CPU
		{3726736E-6233-4EF8-A047-072338DCD18B}.Debug|Any CPU.Build.0 = Debug|Any CPU
		{3726736E-6233-4EF8-A047-072338DCD18B}.Release|Any CPU.ActiveCfg = Release|Any CPU
		{3726736E-6233-4EF8-A047-072338DCD18B}.Release|Any CPU.Build.0 = Release|Any CPU
		{0A34C58E-9E1B-43C8-A96D-BF6D03DD538C}.Debug|Any CPU.ActiveCfg = Debug|Any CPU
		{0A34C58E-9E1B-43C8-A96D-BF6D03DD538C}.Debug|Any CPU.Build.0 = Debug|Any CPU
		{0A34C58E-9E1B-43C8-A96D-BF6D03DD538C}.Release|Any CPU.ActiveCfg = Release|Any CPU
		{0A34C58E-9E1B-43C8-A96D-BF6D03DD538C}.Release|Any CPU.Build.0 = Release|Any CPU
		{C1A682FA-C826-4CFE-9946-A0BCAE433E3E}.Debug|Any CPU.ActiveCfg = Debug|Any CPU
		{C1A682FA-C826-4CFE-9946-A0BCAE433E3E}.Debug|Any CPU.Build.0 = Debug|Any CPU
		{C1A682FA-C826-4CFE-9946-A0BCAE433E3E}.Release|Any CPU.ActiveCfg = Release|Any CPU
		{C1A682FA-C826-4CFE-9946-A0BCAE433E3E}.Release|Any CPU.Build.0 = Release|Any CPU
		{73BBAE26-6B4A-46F0-B440-1986A06894DD}.Debug|Any CPU.ActiveCfg = Debug|Any CPU
		{73BBAE26-6B4A-46F0-B440-1986A06894DD}.Debug|Any CPU.Build.0 = Debug|Any CPU
		{73BBAE26-6B4A-46F0-B440-1986A06894DD}.Release|Any CPU.ActiveCfg = Release|Any CPU
		{73BBAE26-6B4A-46F0-B440-1986A06894DD}.Release|Any CPU.Build.0 = Release|Any CPU
		{5E572EA1-7FC8-4496-8212-7F6B8FB6E10B}.Debug|Any CPU.ActiveCfg = Debug|Any CPU
		{5E572EA1-7FC8-4496-8212-7F6B8FB6E10B}.Debug|Any CPU.Build.0 = Debug|Any CPU
		{5E572EA1-7FC8-4496-8212-7F6B8FB6E10B}.Release|Any CPU.ActiveCfg = Release|Any CPU
		{5E572EA1-7FC8-4496-8212-7F6B8FB6E10B}.Release|Any CPU.Build.0 = Release|Any CPU
	EndGlobalSection
	GlobalSection(SolutionProperties) = preSolution
		HideSolutionNode = FALSE
	EndGlobalSection
	GlobalSection(ExtensibilityGlobals) = postSolution
		SolutionGuid = {E41180FF-4F21-4D85-A17C-E1FCA5809337}
	EndGlobalSection
EndGlobal
