
Microsoft Visual Studio Solution File, Format Version 12.00
# Visual Studio Version 17
VisualStudioVersion = 17.7.34024.191
MinimumVisualStudioVersion = 10.0.40219.1
Project("{9A19103F-16F7-4668-BE54-9A1E7A4F7556}") = "23ISP2-1", "23ISP2-1\23ISP2-1.csproj", "{4F34A8F9-27AE-41F6-BDB2-60A144BE9084}"
EndProject
Project("{9A19103F-16F7-4668-BE54-9A1E7A4F7556}") = "Lesson5", "Lesson5\Lesson5.csproj", "{A37A9E70-833B-4A90-8563-AD1FDF5CCBDF}"
EndProject
Project("{9A19103F-16F7-4668-BE54-9A1E7A4F7556}") = "lesson9", "lesson9\lesson9.csproj", "{596C2A0C-4534-4F70-A5BD-C7962EC54BDC}"
EndProject
Project("{9A19103F-16F7-4668-BE54-9A1E7A4F7556}") = "Lab21", "Lab21\Lab21.csproj", "{27297467-8876-4428-A990-D8DC6AEC6BD1}"
EndProject
Project("{9A19103F-16F7-4668-BE54-9A1E7A4F7556}") = "Lab12", "Lab12\Lab12.csproj", "{96440986-D886-4160-9761-F8567D14AB8C}"
EndProject
Project("{9A19103F-16F7-4668-BE54-9A1E7A4F7556}") = "Lesson13", "Lesson13\Lesson13.csproj", "{4943FD44-B00C-4EB7-B009-812B4734F48E}"
EndProject
Project("{9A19103F-16F7-4668-BE54-9A1E7A4F7556}") = "Lesson14", "Lesson14\Lesson14.csproj", "{275B4D6F-17C3-420B-9044-6801D4E40F6D}"
EndProject
Project("{9A19103F-16F7-4668-BE54-9A1E7A4F7556}") = "Lab22", "Lab22\Lab22.csproj", "{FD4BA724-CC95-4D94-A997-DF71178BE1D1}"
EndProject
Project("{9A19103F-16F7-4668-BE54-9A1E7A4F7556}") = "Lesson16", "Lesson16\Lesson16.csproj", "{74BA7B44-D901-42A2-AA63-9840909F0D9C}"
EndProject
Project("{9A19103F-16F7-4668-BE54-9A1E7A4F7556}") = "Lab23", "Lab23\Lab23.csproj", "{95F4C018-47F5-4F59-AAB3-D2A7A4428025}"
EndProject
Project("{9A19103F-16F7-4668-BE54-9A1E7A4F7556}") = "lesson21", "lesson21\lesson21.csproj", "{4696A6FB-27AE-438F-BFD9-005B09213907}"
EndProject
Project("{9A19103F-16F7-4668-BE54-9A1E7A4F7556}") = "Lesson24", "Lesson24\Lesson24.csproj", "{46C7165B-FF5E-474D-8DAB-1C6F77BB1764}"
EndProject
Project("{9A19103F-16F7-4668-BE54-9A1E7A4F7556}") = "Lesson25", "Lesson25\Lesson25.csproj", "{3C8DFC27-9B99-4CC7-BA18-54B0F067955F}"
EndProject
Project("{9A19103F-16F7-4668-BE54-9A1E7A4F7556}") = "Lesson26", "Lesson26\Lesson26.csproj", "{634EB5C2-0D73-4889-A646-2E26A37DD2DA}"
EndProject
Project("{9A19103F-16F7-4668-BE54-9A1E7A4F7556}") = "Lab31", "Lab31\Lab31.csproj", "{3726736E-6233-4EF8-A047-072338DCD18B}"
EndProject
Project("{9A19103F-16F7-4668-BE54-9A1E7A4F7556}") = "lab32", "lab32\lab32.csproj", "{0A34C58E-9E1B-43C8-A96D-BF6D03DD538C}"
EndProject
Project("{9A19103F-16F7-4668-BE54-9A1E7A4F7556}") = "lab33", "lab33\lab33.csproj", "{C1A682FA-C826-4CFE-9946-A0BCAE433E3E}"
EndProject
Project("{9A19103F-16F7-4668-BE54-9A1E7A4F7556}") = "Lab34", "Lab34\Lab34.csproj", "{73BBAE26-6B4A-46F0-B440-1986A06894DD}"
EndProject
Project("{9A19103F-16F7-4668-BE54-9A1E7A4F7556}") = "lesson28", "lesson28\lesson28.csproj", "{5E572EA1-7FC8-4496-8212-7F6B8FB6E10B}"
EndProject
Project("{9A19103F-16F7-4668-BE54-9A1E7A4F7556}") = "lesson29", "lesson29\lesson29.csproj", "{289C409A-69DF-4595-86B4-9DB309CAC848}"
EndProject
Project("{9A19103F-16F7-4668-BE54-9A1E7A4F7556}") = "Lesson30", "Les30\Lesson30.csproj", "{70B4D2FC-6AF9-4BA7-A393-9D9DE9CA2072}"
EndProject
Project("{9A19103F-16F7-4668-BE54-9A1E7A4F7556}") = "Lab41", "Lab41\Lab41.csproj", "{FDDE78C3-32C4-4044-B9E9-26D4FD2F03B4}"
EndProject
Project("{9A19103F-16F7-4668-BE54-9A1E7A4F7556}") = "Lesson31", "Lesson31\Lesson31.csproj", "{2CAE04F7-0FE6-469B-A01E-62710CED84B6}"
EndProject
Project("{9A19103F-16F7-4668-BE54-9A1E7A4F7556}") = "Lesson32", "Lesson32\Lesson32.csproj", "{AC3F97AD-B08E-4430-9575-C1D284360853}"
EndProject
Project("{9A19103F-16F7-4668-BE54-9A1E7A4F7556}") = "Lab51", "Lab51\Lab51.csproj", "{CC344B12-3D89-446B-B65E-4D673E9E333C}"
EndProject
Project("{9A19103F-16F7-4668-BE54-9A1E7A4F7556}") = "Lesson33", "Lesson33\Lesson33.csproj", "{2792EE61-DA4A-45F3-8987-20BDF1E7BF2B}"
EndProject
Project("{9A19103F-16F7-4668-BE54-9A1E7A4F7556}") = "Lesson34", "Lesson34\Lesson34.csproj", "{6E0F04C3-F663-4D1A-B365-B2D69E078F12}"
EndProject
Project("{9A19103F-16F7-4668-BE54-9A1E7A4F7556}") = "Lab62", "Lab62\Lab62.csproj", "{B95DA062-CD46-401D-B32C-5B9E34E98C7C}"
EndProject
Project("{9A19103F-16F7-4668-BE54-9A1E7A4F7556}") = "ClassLibraryLab62", "ClassLibraryLab62\ClassLibraryLab62.csproj", "{EBFA6E07-AC9A-4E68-8BAE-1AD6E61111E1}"
EndProject
Project("{9A19103F-16F7-4668-BE54-9A1E7A4F7556}") = "Lesson35", "Lesson35\Lesson35.csproj", "{18435FC0-1C1E-4B31-B637-55775A81F629}"
EndProject
Project("{9A19103F-16F7-4668-BE54-9A1E7A4F7556}") = "Lab7", "Lab7\Lab7.csproj", "{F4EEC8E9-4A0A-4DDD-BA90-373C8CA3E413}"
EndProject
Project("{9A19103F-16F7-4668-BE54-9A1E7A4F7556}") = "Lesson36", "Lesson36\Lesson36.csproj", "{151B94E5-D118-42A3-B9E1-66DD1F4B82A2}"
EndProject
Project("{9A19103F-16F7-4668-BE54-9A1E7A4F7556}") = "Lab8", "Lab8\Lab8.csproj", "{25F2EE68-8A83-46E0-9C99-0EF7D57E3BE9}"
EndProject
Project("{9A19103F-16F7-4668-BE54-9A1E7A4F7556}") = "Lesson37", "Lesson37\Lesson37.csproj", "{9D5261E2-7942-432B-9E0C-18A2D5A78E3C}"
EndProject
Project("{9A19103F-16F7-4668-BE54-9A1E7A4F7556}") = "Lab9", "Lesson38\Lab9.csproj", "{09A95D67-E019-4120-B91A-5737FDD90F4F}"
EndProject
Project("{9A19103F-16F7-4668-BE54-9A1E7A4F7556}") = "Lesson39", "Lesson39\Lesson39.csproj", "{D44C5597-3B2B-495C-A8B7-61985143C217}"
EndProject
Project("{9A19103F-16F7-4668-BE54-9A1E7A4F7556}") = "Lesson40", "Lesson40\Lesson40.csproj", "{14B6E1D8-2C84-4494-82EF-A6C383C80883}"
EndProject
Project("{FAE04EC0-301F-11D3-BF4B-00C04F79EFBC}") = "Lesson41", "Lesson41\Lesson41.csproj", "{0E8E0099-A594-42B6-98A0-2EF22342BD38}"
EndProject
Project("{FAE04EC0-301F-11D3-BF4B-00C04F79EFBC}") = "Lab10", "Lab10\Lab10.csproj", "{E5F014AF-01DE-4D0F-B8B9-1F3EBDDADF6C}"
EndProject
Global
	GlobalSection(SolutionConfigurationPlatforms) = preSolution
		Debug|Any CPU = Debug|Any CPU
		Release|Any CPU = Release|Any CPU
	EndGlobalSection
	GlobalSection(ProjectConfigurationPlatforms) = postSolution
		{4F34A8F9-27AE-41F6-BDB2-60A144BE9084}.Debug|Any CPU.ActiveCfg = Debug|Any CPU
		{4F34A8F9-27AE-41F6-BDB2-60A144BE9084}.Debug|Any CPU.Build.0 = Debug|Any CPU
		{4F34A8F9-27AE-41F6-BDB2-60A144BE9084}.Release|Any CPU.ActiveCfg = Release|Any CPU
		{4F34A8F9-27AE-41F6-BDB2-60A144BE9084}.Release|Any CPU.Build.0 = Release|Any CPU
		{A37A9E70-833B-4A90-8563-AD1FDF5CCBDF}.Debug|Any CPU.ActiveCfg = Debug|Any CPU
		{A37A9E70-833B-4A90-8563-AD1FDF5CCBDF}.Debug|Any CPU.Build.0 = Debug|Any CPU
		{A37A9E70-833B-4A90-8563-AD1FDF5CCBDF}.Release|Any CPU.ActiveCfg = Release|Any CPU
		{A37A9E70-833B-4A90-8563-AD1FDF5CCBDF}.Release|Any CPU.Build.0 = Release|Any CPU
		{596C2A0C-4534-4F70-A5BD-C7962EC54BDC}.Debug|Any CPU.ActiveCfg = Debug|Any CPU
		{596C2A0C-4534-4F70-A5BD-C7962EC54BDC}.Debug|Any CPU.Build.0 = Debug|Any CPU
		{596C2A0C-4534-4F70-A5BD-C7962EC54BDC}.Release|Any CPU.ActiveCfg = Release|Any CPU
		{596C2A0C-4534-4F70-A5BD-C7962EC54BDC}.Release|Any CPU.Build.0 = Release|Any CPU
		{27297467-8876-4428-A990-D8DC6AEC6BD1}.Debug|Any CPU.ActiveCfg = Debug|Any CPU
		{27297467-8876-4428-A990-D8DC6AEC6BD1}.Debug|Any CPU.Build.0 = Debug|Any CPU
		{27297467-8876-4428-A990-D8DC6AEC6BD1}.Release|Any CPU.ActiveCfg = Release|Any CPU
		{27297467-8876-4428-A990-D8DC6AEC6BD1}.Release|Any CPU.Build.0 = Release|Any CPU
		{96440986-D886-4160-9761-F8567D14AB8C}.Debug|Any CPU.ActiveCfg = Debug|Any CPU
		{96440986-D886-4160-9761-F8567D14AB8C}.Debug|Any CPU.Build.0 = Debug|Any CPU
		{96440986-D886-4160-9761-F8567D14AB8C}.Release|Any CPU.ActiveCfg = Release|Any CPU
		{96440986-D886-4160-9761-F8567D14AB8C}.Release|Any CPU.Build.0 = Release|Any CPU
		{4943FD44-B00C-4EB7-B009-812B4734F48E}.Debug|Any CPU.ActiveCfg = Debug|Any CPU
		{4943FD44-B00C-4EB7-B009-812B4734F48E}.Debug|Any CPU.Build.0 = Debug|Any CPU
		{4943FD44-B00C-4EB7-B009-812B4734F48E}.Release|Any CPU.ActiveCfg = Release|Any CPU
		{4943FD44-B00C-4EB7-B009-812B4734F48E}.Release|Any CPU.Build.0 = Release|Any CPU
		{275B4D6F-17C3-420B-9044-6801D4E40F6D}.Debug|Any CPU.ActiveCfg = Debug|Any CPU
		{275B4D6F-17C3-420B-9044-6801D4E40F6D}.Debug|Any CPU.Build.0 = Debug|Any CPU
		{275B4D6F-17C3-420B-9044-6801D4E40F6D}.Release|Any CPU.ActiveCfg = Release|Any CPU
		{275B4D6F-17C3-420B-9044-6801D4E40F6D}.Release|Any CPU.Build.0 = Release|Any CPU
		{FD4BA724-CC95-4D94-A997-DF71178BE1D1}.Debug|Any CPU.ActiveCfg = Debug|Any CPU
		{FD4BA724-CC95-4D94-A997-DF71178BE1D1}.Debug|Any CPU.Build.0 = Debug|Any CPU
		{FD4BA724-CC95-4D94-A997-DF71178BE1D1}.Release|Any CPU.ActiveCfg = Release|Any CPU
		{FD4BA724-CC95-4D94-A997-DF71178BE1D1}.Release|Any CPU.Build.0 = Release|Any CPU
		{74BA7B44-D901-42A2-AA63-9840909F0D9C}.Debug|Any CPU.ActiveCfg = Debug|Any CPU
		{74BA7B44-D901-42A2-AA63-9840909F0D9C}.Debug|Any CPU.Build.0 = Debug|Any CPU
		{74BA7B44-D901-42A2-AA63-9840909F0D9C}.Release|Any CPU.ActiveCfg = Release|Any CPU
		{74BA7B44-D901-42A2-AA63-9840909F0D9C}.Release|Any CPU.Build.0 = Release|Any CPU
		{95F4C018-47F5-4F59-AAB3-D2A7A4428025}.Debug|Any CPU.ActiveCfg = Debug|Any CPU
		{95F4C018-47F5-4F59-AAB3-D2A7A4428025}.Debug|Any CPU.Build.0 = Debug|Any CPU
		{95F4C018-47F5-4F59-AAB3-D2A7A4428025}.Release|Any CPU.ActiveCfg = Release|Any CPU
		{95F4C018-47F5-4F59-AAB3-D2A7A4428025}.Release|Any CPU.Build.0 = Release|Any CPU
		{4696A6FB-27AE-438F-BFD9-005B09213907}.Debug|Any CPU.ActiveCfg = Debug|Any CPU
		{4696A6FB-27AE-438F-BFD9-005B09213907}.Debug|Any CPU.Build.0 = Debug|Any CPU
		{4696A6FB-27AE-438F-BFD9-005B09213907}.Release|Any CPU.ActiveCfg = Release|Any CPU
		{4696A6FB-27AE-438F-BFD9-005B09213907}.Release|Any CPU.Build.0 = Release|Any CPU
		{46C7165B-FF5E-474D-8DAB-1C6F77BB1764}.Debug|Any CPU.ActiveCfg = Debug|Any CPU
		{46C7165B-FF5E-474D-8DAB-1C6F77BB1764}.Debug|Any CPU.Build.0 = Debug|Any CPU
		{46C7165B-FF5E-474D-8DAB-1C6F77BB1764}.Release|Any CPU.ActiveCfg = Release|Any CPU
		{46C7165B-FF5E-474D-8DAB-1C6F77BB1764}.Release|Any CPU.Build.0 = Release|Any CPU
		{3C8DFC27-9B99-4CC7-BA18-54B0F067955F}.Debug|Any CPU.ActiveCfg = Debug|Any CPU
		{3C8DFC27-9B99-4CC7-BA18-54B0F067955F}.Debug|Any CPU.Build.0 = Debug|Any CPU
		{3C8DFC27-9B99-4CC7-BA18-54B0F067955F}.Release|Any CPU.ActiveCfg = Release|Any CPU
		{3C8DFC27-9B99-4CC7-BA18-54B0F067955F}.Release|Any CPU.Build.0 = Release|Any CPU
		{634EB5C2-0D73-4889-A646-2E26A37DD2DA}.Debug|Any CPU.ActiveCfg = Debug|Any CPU
		{634EB5C2-0D73-4889-A646-2E26A37DD2DA}.Debug|Any CPU.Build.0 = Debug|Any CPU
		{634EB5C2-0D73-4889-A646-2E26A37DD2DA}.Release|Any CPU.ActiveCfg = Release|Any CPU
		{634EB5C2-0D73-4889-A646-2E26A37DD2DA}.Release|Any CPU.Build.0 = Release|Any CPU
		{3726736E-6233-4EF8-A047-072338DCD18B}.Debug|Any CPU.ActiveCfg = Debug|Any CPU
		{3726736E-6233-4EF8-A047-072338DCD18B}.Debug|Any CPU.Build.0 = Debug|Any CPU
		{3726736E-6233-4EF8-A047-072338DCD18B}.Release|Any CPU.ActiveCfg = Release|Any CPU
		{3726736E-6233-4EF8-A047-072338DCD18B}.Release|Any CPU.Build.0 = Release|Any CPU
		{0A34C58E-9E1B-43C8-A96D-BF6D03DD538C}.Debug|Any CPU.ActiveCfg = Debug|Any CPU
		{0A34C58E-9E1B-43C8-A96D-BF6D03DD538C}.Debug|Any CPU.Build.0 = Debug|Any CPU
		{0A34C58E-9E1B-43C8-A96D-BF6D03DD538C}.Release|Any CPU.ActiveCfg = Release|Any CPU
		{0A34C58E-9E1B-43C8-A96D-BF6D03DD538C}.Release|Any CPU.Build.0 = Release|Any CPU
		{C1A682FA-C826-4CFE-9946-A0BCAE433E3E}.Debug|Any CPU.ActiveCfg = Debug|Any CPU
		{C1A682FA-C826-4CFE-9946-A0BCAE433E3E}.Debug|Any CPU.Build.0 = Debug|Any CPU
		{C1A682FA-C826-4CFE-9946-A0BCAE433E3E}.Release|Any CPU.ActiveCfg = Release|Any CPU
		{C1A682FA-C826-4CFE-9946-A0BCAE433E3E}.Release|Any CPU.Build.0 = Release|Any CPU
		{73BBAE26-6B4A-46F0-B440-1986A06894DD}.Debug|Any CPU.ActiveCfg = Debug|Any CPU
		{73BBAE26-6B4A-46F0-B440-1986A06894DD}.Debug|Any CPU.Build.0 = Debug|Any CPU
		{73BBAE26-6B4A-46F0-B440-1986A06894DD}.Release|Any CPU.ActiveCfg = Release|Any CPU
		{73BBAE26-6B4A-46F0-B440-1986A06894DD}.Release|Any CPU.Build.0 = Release|Any CPU
		{5E572EA1-7FC8-4496-8212-7F6B8FB6E10B}.Debug|Any CPU.ActiveCfg = Debug|Any CPU
		{5E572EA1-7FC8-4496-8212-7F6B8FB6E10B}.Debug|Any CPU.Build.0 = Debug|Any CPU
		{5E572EA1-7FC8-4496-8212-7F6B8FB6E10B}.Release|Any CPU.ActiveCfg = Release|Any CPU
		{5E572EA1-7FC8-4496-8212-7F6B8FB6E10B}.Release|Any CPU.Build.0 = Release|Any CPU
		{289C409A-69DF-4595-86B4-9DB309CAC848}.Debug|Any CPU.ActiveCfg = Debug|Any CPU
		{289C409A-69DF-4595-86B4-9DB309CAC848}.Debug|Any CPU.Build.0 = Debug|Any CPU
		{289C409A-69DF-4595-86B4-9DB309CAC848}.Release|Any CPU.ActiveCfg = Release|Any CPU
		{289C409A-69DF-4595-86B4-9DB309CAC848}.Release|Any CPU.Build.0 = Release|Any CPU
		{70B4D2FC-6AF9-4BA7-A393-9D9DE9CA2072}.Debug|Any CPU.ActiveCfg = Debug|Any CPU
		{70B4D2FC-6AF9-4BA7-A393-9D9DE9CA2072}.Debug|Any CPU.Build.0 = Debug|Any CPU
		{70B4D2FC-6AF9-4BA7-A393-9D9DE9CA2072}.Release|Any CPU.ActiveCfg = Release|Any CPU
		{70B4D2FC-6AF9-4BA7-A393-9D9DE9CA2072}.Release|Any CPU.Build.0 = Release|Any CPU
		{FDDE78C3-32C4-4044-B9E9-26D4FD2F03B4}.Debug|Any CPU.ActiveCfg = Debug|Any CPU
		{FDDE78C3-32C4-4044-B9E9-26D4FD2F03B4}.Debug|Any CPU.Build.0 = Debug|Any CPU
		{FDDE78C3-32C4-4044-B9E9-26D4FD2F03B4}.Release|Any CPU.ActiveCfg = Release|Any CPU
		{FDDE78C3-32C4-4044-B9E9-26D4FD2F03B4}.Release|Any CPU.Build.0 = Release|Any CPU
		{2CAE04F7-0FE6-469B-A01E-62710CED84B6}.Debug|Any CPU.ActiveCfg = Debug|Any CPU
		{2CAE04F7-0FE6-469B-A01E-62710CED84B6}.Debug|Any CPU.Build.0 = Debug|Any CPU
		{2CAE04F7-0FE6-469B-A01E-62710CED84B6}.Release|Any CPU.ActiveCfg = Release|Any CPU
		{2CAE04F7-0FE6-469B-A01E-62710CED84B6}.Release|Any CPU.Build.0 = Release|Any CPU
		{AC3F97AD-B08E-4430-9575-C1D284360853}.Debug|Any CPU.ActiveCfg = Debug|Any CPU
		{AC3F97AD-B08E-4430-9575-C1D284360853}.Debug|Any CPU.Build.0 = Debug|Any CPU
		{AC3F97AD-B08E-4430-9575-C1D284360853}.Release|Any CPU.ActiveCfg = Release|Any CPU
		{AC3F97AD-B08E-4430-9575-C1D284360853}.Release|Any CPU.Build.0 = Release|Any CPU
		{CC344B12-3D89-446B-B65E-4D673E9E333C}.Debug|Any CPU.ActiveCfg = Debug|Any CPU
		{CC344B12-3D89-446B-B65E-4D673E9E333C}.Debug|Any CPU.Build.0 = Debug|Any CPU
		{CC344B12-3D89-446B-B65E-4D673E9E333C}.Release|Any CPU.ActiveCfg = Release|Any CPU
		{CC344B12-3D89-446B-B65E-4D673E9E333C}.Release|Any CPU.Build.0 = Release|Any CPU
		{2792EE61-DA4A-45F3-8987-20BDF1E7BF2B}.Debug|Any CPU.ActiveCfg = Debug|Any CPU
		{2792EE61-DA4A-45F3-8987-20BDF1E7BF2B}.Debug|Any CPU.Build.0 = Debug|Any CPU
		{2792EE61-DA4A-45F3-8987-20BDF1E7BF2B}.Release|Any CPU.ActiveCfg = Release|Any CPU
		{2792EE61-DA4A-45F3-8987-20BDF1E7BF2B}.Release|Any CPU.Build.0 = Release|Any CPU
		{6E0F04C3-F663-4D1A-B365-B2D69E078F12}.Debug|Any CPU.ActiveCfg = Debug|Any CPU
		{6E0F04C3-F663-4D1A-B365-B2D69E078F12}.Debug|Any CPU.Build.0 = Debug|Any CPU
		{6E0F04C3-F663-4D1A-B365-B2D69E078F12}.Release|Any CPU.ActiveCfg = Release|Any CPU
		{6E0F04C3-F663-4D1A-B365-B2D69E078F12}.Release|Any CPU.Build.0 = Release|Any CPU
		{B95DA062-CD46-401D-B32C-5B9E34E98C7C}.Debug|Any CPU.ActiveCfg = Debug|Any CPU
		{B95DA062-CD46-401D-B32C-5B9E34E98C7C}.Debug|Any CPU.Build.0 = Debug|Any CPU
		{B95DA062-CD46-401D-B32C-5B9E34E98C7C}.Release|Any CPU.ActiveCfg = Release|Any CPU
		{B95DA062-CD46-401D-B32C-5B9E34E98C7C}.Release|Any CPU.Build.0 = Release|Any CPU
		{EBFA6E07-AC9A-4E68-8BAE-1AD6E61111E1}.Debug|Any CPU.ActiveCfg = Debug|Any CPU
		{EBFA6E07-AC9A-4E68-8BAE-1AD6E61111E1}.Debug|Any CPU.Build.0 = Debug|Any CPU
		{EBFA6E07-AC9A-4E68-8BAE-1AD6E61111E1}.Release|Any CPU.ActiveCfg = Release|Any CPU
		{EBFA6E07-AC9A-4E68-8BAE-1AD6E61111E1}.Release|Any CPU.Build.0 = Release|Any CPU
		{18435FC0-1C1E-4B31-B637-55775A81F629}.Debug|Any CPU.ActiveCfg = Debug|Any CPU
		{18435FC0-1C1E-4B31-B637-55775A81F629}.Debug|Any CPU.Build.0 = Debug|Any CPU
		{18435FC0-1C1E-4B31-B637-55775A81F629}.Release|Any CPU.ActiveCfg = Release|Any CPU
		{18435FC0-1C1E-4B31-B637-55775A81F629}.Release|Any CPU.Build.0 = Release|Any CPU
		{F4EEC8E9-4A0A-4DDD-BA90-373C8CA3E413}.Debug|Any CPU.ActiveCfg = Debug|Any CPU
		{F4EEC8E9-4A0A-4DDD-BA90-373C8CA3E413}.Debug|Any CPU.Build.0 = Debug|Any CPU
		{F4EEC8E9-4A0A-4DDD-BA90-373C8CA3E413}.Release|Any CPU.ActiveCfg = Release|Any CPU
		{F4EEC8E9-4A0A-4DDD-BA90-373C8CA3E413}.Release|Any CPU.Build.0 = Release|Any CPU
		{151B94E5-D118-42A3-B9E1-66DD1F4B82A2}.Debug|Any CPU.ActiveCfg = Debug|Any CPU
		{151B94E5-D118-42A3-B9E1-66DD1F4B82A2}.Debug|Any CPU.Build.0 = Debug|Any CPU
		{151B94E5-D118-42A3-B9E1-66DD1F4B82A2}.Release|Any CPU.ActiveCfg = Release|Any CPU
		{151B94E5-D118-42A3-B9E1-66DD1F4B82A2}.Release|Any CPU.Build.0 = Release|Any CPU
		{25F2EE68-8A83-46E0-9C99-0EF7D57E3BE9}.Debug|Any CPU.ActiveCfg = Debug|Any CPU
		{25F2EE68-8A83-46E0-9C99-0EF7D57E3BE9}.Debug|Any CPU.Build.0 = Debug|Any CPU
		{25F2EE68-8A83-46E0-9C99-0EF7D57E3BE9}.Release|Any CPU.ActiveCfg = Release|Any CPU
		{25F2EE68-8A83-46E0-9C99-0EF7D57E3BE9}.Release|Any CPU.Build.0 = Release|Any CPU
		{9D5261E2-7942-432B-9E0C-18A2D5A78E3C}.Debug|Any CPU.ActiveCfg = Debug|Any CPU
		{9D5261E2-7942-432B-9E0C-18A2D5A78E3C}.Debug|Any CPU.Build.0 = Debug|Any CPU
		{9D5261E2-7942-432B-9E0C-18A2D5A78E3C}.Release|Any CPU.ActiveCfg = Release|Any CPU
		{9D5261E2-7942-432B-9E0C-18A2D5A78E3C}.Release|Any CPU.Build.0 = Release|Any CPU
		{09A95D67-E019-4120-B91A-5737FDD90F4F}.Debug|Any CPU.ActiveCfg = Debug|Any CPU
		{09A95D67-E019-4120-B91A-5737FDD90F4F}.Debug|Any CPU.Build.0 = Debug|Any CPU
		{09A95D67-E019-4120-B91A-5737FDD90F4F}.Release|Any CPU.ActiveCfg = Release|Any CPU
		{09A95D67-E019-4120-B91A-5737FDD90F4F}.Release|Any CPU.Build.0 = Release|Any CPU
		{D44C5597-3B2B-495C-A8B7-61985143C217}.Debug|Any CPU.ActiveCfg = Debug|Any CPU
		{D44C5597-3B2B-495C-A8B7-61985143C217}.Debug|Any CPU.Build.0 = Debug|Any CPU
		{D44C5597-3B2B-495C-A8B7-61985143C217}.Release|Any CPU.ActiveCfg = Release|Any CPU
		{D44C5597-3B2B-495C-A8B7-61985143C217}.Release|Any CPU.Build.0 = Release|Any CPU
		{14B6E1D8-2C84-4494-82EF-A6C383C80883}.Debug|Any CPU.ActiveCfg = Debug|Any CPU
		{14B6E1D8-2C84-4494-82EF-A6C383C80883}.Debug|Any CPU.Build.0 = Debug|Any CPU
		{14B6E1D8-2C84-4494-82EF-A6C383C80883}.Release|Any CPU.ActiveCfg = Release|Any CPU
		{14B6E1D8-2C84-4494-82EF-A6C383C80883}.Release|Any CPU.Build.0 = Release|Any CPU
		{0E8E0099-A594-42B6-98A0-2EF22342BD38}.Debug|Any CPU.ActiveCfg = Debug|Any CPU
		{0E8E0099-A594-42B6-98A0-2EF22342BD38}.Debug|Any CPU.Build.0 = Debug|Any CPU
		{0E8E0099-A594-42B6-98A0-2EF22342BD38}.Release|Any CPU.ActiveCfg = Release|Any CPU
		{0E8E0099-A594-42B6-98A0-2EF22342BD38}.Release|Any CPU.Build.0 = Release|Any CPU
		{E5F014AF-01DE-4D0F-B8B9-1F3EBDDADF6C}.Debug|Any CPU.ActiveCfg = Debug|Any CPU
		{E5F014AF-01DE-4D0F-B8B9-1F3EBDDADF6C}.Debug|Any CPU.Build.0 = Debug|Any CPU
		{E5F014AF-01DE-4D0F-B8B9-1F3EBDDADF6C}.Release|Any CPU.ActiveCfg = Release|Any CPU
		{E5F014AF-01DE-4D0F-B8B9-1F3EBDDADF6C}.Release|Any CPU.Build.0 = Release|Any CPU
	EndGlobalSection
	GlobalSection(SolutionProperties) = preSolution
		HideSolutionNode = FALSE
	EndGlobalSection
	GlobalSection(ExtensibilityGlobals) = postSolution
		SolutionGuid = {E41180FF-4F21-4D85-A17C-E1FCA5809337}
	EndGlobalSection
EndGlobal
